
Microsoft Visual Studio Solution File, Format Version 12.00
# Visual Studio Version 16
VisualStudioVersion = 16.0.31729.503
MinimumVisualStudioVersion = 10.0.40219.1
Project("{FAE04EC0-301F-11D3-BF4B-00C04F79EFBC}") = "Ploscariu_Diana_Lab5", "Ploscariu_Diana_Lab5.csproj", "{9A9A3C2B-45B6-4DAD-A9FB-25E9D110349B}"
EndProject
Global
	GlobalSection(SolutionConfigurationPlatforms) = preSolution
		Debug|Any CPU = Debug|Any CPU
		Release|Any CPU = Release|Any CPU
	EndGlobalSection
	GlobalSection(ProjectConfigurationPlatforms) = postSolution
		{9A9A3C2B-45B6-4DAD-A9FB-25E9D110349B}.Debug|Any CPU.ActiveCfg = Debug|Any CPU
		{9A9A3C2B-45B6-4DAD-A9FB-25E9D110349B}.Debug|Any CPU.Build.0 = Debug|Any CPU
		{9A9A3C2B-45B6-4DAD-A9FB-25E9D110349B}.Release|Any CPU.ActiveCfg = Release|Any CPU
		{9A9A3C2B-45B6-4DAD-A9FB-25E9D110349B}.Release|Any CPU.Build.0 = Release|Any CPU
	EndGlobalSection
	GlobalSection(SolutionProperties) = preSolution
		HideSolutionNode = FALSE
	EndGlobalSection
	GlobalSection(ExtensibilityGlobals) = postSolution
		SolutionGuid = {5F5EEF08-AC3C-4B5B-BEC7-880853F1E07F}
	EndGlobalSection
EndGlobal
